// !$*UTF8*$!
{
	archiveVersion = 1;
	classes = {
	};
	objectVersion = 56;
	objects = {

/* Begin PBXBuildFile section */
		023BF43C2977952D0072138B /* iCalculAppApp.swift in Sources */ = {isa = PBXBuildFile; fileRef = 023BF43B2977952D0072138B /* iCalculAppApp.swift */; };
		023BF43E2977952D0072138B /* CalculatorView.swift in Sources */ = {isa = PBXBuildFile; fileRef = 023BF43D2977952D0072138B /* CalculatorView.swift */; };
		023BF440297795300072138B /* Assets.xcassets in Resources */ = {isa = PBXBuildFile; fileRef = 023BF43F297795300072138B /* Assets.xcassets */; };
		023BF443297795300072138B /* Preview Assets.xcassets in Resources */ = {isa = PBXBuildFile; fileRef = 023BF442297795300072138B /* Preview Assets.xcassets */; };
		023BF44A2977BF310072138B /* CalculatorButton.swift in Sources */ = {isa = PBXBuildFile; fileRef = 023BF4492977BF300072138B /* CalculatorButton.swift */; };
		023BF44E29787DA00072138B /* Colors.xcassets in Resources */ = {isa = PBXBuildFile; fileRef = 023BF44D29787DA00072138B /* Colors.xcassets */; };
		028D66BB2979CFCC007DCC70 /* Device.swift in Sources */ = {isa = PBXBuildFile; fileRef = 028D66BA2979CFCC007DCC70 /* Device.swift */; };
		02E0E08E29899A0F0068BE34 /* CalculatorViewModel.swift in Sources */ = {isa = PBXBuildFile; fileRef = 02E0E08D29899A0F0068BE34 /* CalculatorViewModel.swift */; };
/* End PBXBuildFile section */

/* Begin PBXFileReference section */
		023BF4382977952D0072138B /* iCalculApp.app */ = {isa = PBXFileReference; explicitFileType = wrapper.application; includeInIndex = 0; path = iCalculApp.app; sourceTree = BUILT_PRODUCTS_DIR; };
		023BF43B2977952D0072138B /* iCalculAppApp.swift */ = {isa = PBXFileReference; lastKnownFileType = sourcecode.swift; path = iCalculAppApp.swift; sourceTree = "<group>"; };
		023BF43D2977952D0072138B /* CalculatorView.swift */ = {isa = PBXFileReference; lastKnownFileType = sourcecode.swift; path = CalculatorView.swift; sourceTree = "<group>"; };
		023BF43F297795300072138B /* Assets.xcassets */ = {isa = PBXFileReference; lastKnownFileType = folder.assetcatalog; path = Assets.xcassets; sourceTree = "<group>"; };
		023BF442297795300072138B /* Preview Assets.xcassets */ = {isa = PBXFileReference; lastKnownFileType = folder.assetcatalog; path = "Preview Assets.xcassets"; sourceTree = "<group>"; };
		023BF4492977BF300072138B /* CalculatorButton.swift */ = {isa = PBXFileReference; lastKnownFileType = sourcecode.swift; path = CalculatorButton.swift; sourceTree = "<group>"; };
		023BF44D29787DA00072138B /* Colors.xcassets */ = {isa = PBXFileReference; lastKnownFileType = folder.assetcatalog; path = Colors.xcassets; sourceTree = "<group>"; };
		028D66BA2979CFCC007DCC70 /* Device.swift */ = {isa = PBXFileReference; lastKnownFileType = sourcecode.swift; path = Device.swift; sourceTree = "<group>"; };
		02E0E08D29899A0F0068BE34 /* CalculatorViewModel.swift */ = {isa = PBXFileReference; lastKnownFileType = sourcecode.swift; path = CalculatorViewModel.swift; sourceTree = "<group>"; };
/* End PBXFileReference section */

/* Begin PBXFrameworksBuildPhase section */
		023BF4352977952D0072138B /* Frameworks */ = {
			isa = PBXFrameworksBuildPhase;
			buildActionMask = 2147483647;
			files = (
			);
			runOnlyForDeploymentPostprocessing = 0;
		};
/* End PBXFrameworksBuildPhase section */

/* Begin PBXGroup section */
		023BF42F2977952D0072138B = {
			isa = PBXGroup;
			children = (
				023BF43A2977952D0072138B /* iCalculApp */,
				023BF4392977952D0072138B /* Products */,
			);
			sourceTree = "<group>";
		};
		023BF4392977952D0072138B /* Products */ = {
			isa = PBXGroup;
			children = (
				023BF4382977952D0072138B /* iCalculApp.app */,
			);
			name = Products;
			sourceTree = "<group>";
		};
		023BF43A2977952D0072138B /* iCalculApp */ = {
			isa = PBXGroup;
			children = (
				02E0E09029899C360068BE34 /* Enum */,
				02E0E08F29899C1F0068BE34 /* View */,
				02E0E08C298999F30068BE34 /* ViewModel */,
				02E0E09129899C460068BE34 /* Util */,
				023BF43B2977952D0072138B /* iCalculAppApp.swift */,
				023BF43F297795300072138B /* Assets.xcassets */,
				023BF441297795300072138B /* Preview Content */,
				023BF44D29787DA00072138B /* Colors.xcassets */,
			);
			path = iCalculApp;
			sourceTree = "<group>";
		};
		023BF441297795300072138B /* Preview Content */ = {
			isa = PBXGroup;
			children = (
				023BF442297795300072138B /* Preview Assets.xcassets */,
			);
			path = "Preview Content";
			sourceTree = "<group>";
		};
		02E0E08C298999F30068BE34 /* ViewModel */ = {
			isa = PBXGroup;
			children = (
				02E0E08D29899A0F0068BE34 /* CalculatorViewModel.swift */,
			);
			path = ViewModel;
			sourceTree = "<group>";
		};
		02E0E08F29899C1F0068BE34 /* View */ = {
			isa = PBXGroup;
			children = (
				023BF43D2977952D0072138B /* CalculatorView.swift */,
			);
			path = View;
			sourceTree = "<group>";
		};
		02E0E09029899C360068BE34 /* Enum */ = {
			isa = PBXGroup;
			children = (
				023BF4492977BF300072138B /* CalculatorButton.swift */,
			);
			path = Enum;
			sourceTree = "<group>";
		};
		02E0E09129899C460068BE34 /* Util */ = {
			isa = PBXGroup;
			children = (
				028D66BA2979CFCC007DCC70 /* Device.swift */,
			);
			path = Util;
			sourceTree = "<group>";
		};
/* End PBXGroup section */

/* Begin PBXNativeTarget section */
		023BF4372977952D0072138B /* iCalculApp */ = {
			isa = PBXNativeTarget;
			buildConfigurationList = 023BF446297795300072138B /* Build configuration list for PBXNativeTarget "iCalculApp" */;
			buildPhases = (
				023BF4342977952D0072138B /* Sources */,
				023BF4352977952D0072138B /* Frameworks */,
				023BF4362977952D0072138B /* Resources */,
			);
			buildRules = (
			);
			dependencies = (
			);
			name = iCalculApp;
			productName = iCalculApp;
			productReference = 023BF4382977952D0072138B /* iCalculApp.app */;
			productType = "com.apple.product-type.application";
		};
/* End PBXNativeTarget section */

/* Begin PBXProject section */
		023BF4302977952D0072138B /* Project object */ = {
			isa = PBXProject;
			attributes = {
				BuildIndependentTargetsInParallel = 1;
				LastSwiftUpdateCheck = 1400;
				LastUpgradeCheck = 1400;
				TargetAttributes = {
					023BF4372977952D0072138B = {
						CreatedOnToolsVersion = 14.0.1;
					};
				};
			};
			buildConfigurationList = 023BF4332977952D0072138B /* Build configuration list for PBXProject "iCalculApp" */;
			compatibilityVersion = "Xcode 14.0";
			developmentRegion = en;
			hasScannedForEncodings = 0;
			knownRegions = (
				en,
				Base,
			);
			mainGroup = 023BF42F2977952D0072138B;
			productRefGroup = 023BF4392977952D0072138B /* Products */;
			projectDirPath = "";
			projectRoot = "";
			targets = (
				023BF4372977952D0072138B /* iCalculApp */,
			);
		};
/* End PBXProject section */

/* Begin PBXResourcesBuildPhase section */
		023BF4362977952D0072138B /* Resources */ = {
			isa = PBXResourcesBuildPhase;
			buildActionMask = 2147483647;
			files = (
				023BF44E29787DA00072138B /* Colors.xcassets in Resources */,
				023BF443297795300072138B /* Preview Assets.xcassets in Resources */,
				023BF440297795300072138B /* Assets.xcassets in Resources */,
			);
			runOnlyForDeploymentPostprocessing = 0;
		};
/* End PBXResourcesBuildPhase section */

/* Begin PBXSourcesBuildPhase section */
		023BF4342977952D0072138B /* Sources */ = {
			isa = PBXSourcesBuildPhase;
			buildActionMask = 2147483647;
			files = (
				023BF43E2977952D0072138B /* CalculatorView.swift in Sources */,
				023BF44A2977BF310072138B /* CalculatorButton.swift in Sources */,
				023BF43C2977952D0072138B /* iCalculAppApp.swift in Sources */,
				028D66BB2979CFCC007DCC70 /* Device.swift in Sources */,
				02E0E08E29899A0F0068BE34 /* CalculatorViewModel.swift in Sources */,
			);
			runOnlyForDeploymentPostprocessing = 0;
		};
/* End PBXSourcesBuildPhase section */

/* Begin XCBuildConfiguration section */
		023BF444297795300072138B /* Debug */ = {
			isa = XCBuildConfiguration;
			buildSettings = {
				ALWAYS_SEARCH_USER_PATHS = NO;
				CLANG_ANALYZER_NONNULL = YES;
				CLANG_ANALYZER_NUMBER_OBJECT_CONVERSION = YES_AGGRESSIVE;
				CLANG_CXX_LANGUAGE_STANDARD = "gnu++20";
				CLANG_ENABLE_MODULES = YES;
				CLANG_ENABLE_OBJC_ARC = YES;
				CLANG_ENABLE_OBJC_WEAK = YES;
				CLANG_WARN_BLOCK_CAPTURE_AUTORELEASING = YES;
				CLANG_WARN_BOOL_CONVERSION = YES;
				CLANG_WARN_COMMA = YES;
				CLANG_WARN_CONSTANT_CONVERSION = YES;
				CLANG_WARN_DEPRECATED_OBJC_IMPLEMENTATIONS = YES;
				CLANG_WARN_DIRECT_OBJC_ISA_USAGE = YES_ERROR;
				CLANG_WARN_DOCUMENTATION_COMMENTS = YES;
				CLANG_WARN_EMPTY_BODY = YES;
				CLANG_WARN_ENUM_CONVERSION = YES;
				CLANG_WARN_INFINITE_RECURSION = YES;
				CLANG_WARN_INT_CONVERSION = YES;
				CLANG_WARN_NON_LITERAL_NULL_CONVERSION = YES;
				CLANG_WARN_OBJC_IMPLICIT_RETAIN_SELF = YES;
				CLANG_WARN_OBJC_LITERAL_CONVERSION = YES;
				CLANG_WARN_OBJC_ROOT_CLASS = YES_ERROR;
				CLANG_WARN_QUOTED_INCLUDE_IN_FRAMEWORK_HEADER = YES;
				CLANG_WARN_RANGE_LOOP_ANALYSIS = YES;
				CLANG_WARN_STRICT_PROTOTYPES = YES;
				CLANG_WARN_SUSPICIOUS_MOVE = YES;
				CLANG_WARN_UNGUARDED_AVAILABILITY = YES_AGGRESSIVE;
				CLANG_WARN_UNREACHABLE_CODE = YES;
				CLANG_WARN__DUPLICATE_METHOD_MATCH = YES;
				COPY_PHASE_STRIP = NO;
				DEBUG_INFORMATION_FORMAT = dwarf;
				ENABLE_STRICT_OBJC_MSGSEND = YES;
				ENABLE_TESTABILITY = YES;
				GCC_C_LANGUAGE_STANDARD = gnu11;
				GCC_DYNAMIC_NO_PIC = NO;
				GCC_NO_COMMON_BLOCKS = YES;
				GCC_OPTIMIZATION_LEVEL = 0;
				GCC_PREPROCESSOR_DEFINITIONS = (
					"DEBUG=1",
					"$(inherited)",
				);
				GCC_WARN_64_TO_32_BIT_CONVERSION = YES;
				GCC_WARN_ABOUT_RETURN_TYPE = YES_ERROR;
				GCC_WARN_UNDECLARED_SELECTOR = YES;
				GCC_WARN_UNINITIALIZED_AUTOS = YES_AGGRESSIVE;
				GCC_WARN_UNUSED_FUNCTION = YES;
				GCC_WARN_UNUSED_VARIABLE = YES;
				IPHONEOS_DEPLOYMENT_TARGET = 16.0;
				MTL_ENABLE_DEBUG_INFO = INCLUDE_SOURCE;
				MTL_FAST_MATH = YES;
				ONLY_ACTIVE_ARCH = YES;
				SDKROOT = iphoneos;
				SWIFT_ACTIVE_COMPILATION_CONDITIONS = DEBUG;
				SWIFT_OPTIMIZATION_LEVEL = "-Onone";
			};
			name = Debug;
		};
		023BF445297795300072138B /* Release */ = {
			isa = XCBuildConfiguration;
			buildSettings = {
				ALWAYS_SEARCH_USER_PATHS = NO;
				CLANG_ANALYZER_NONNULL = YES;
				CLANG_ANALYZER_NUMBER_OBJECT_CONVERSION = YES_AGGRESSIVE;
				CLANG_CXX_LANGUAGE_STANDARD = "gnu++20";
				CLANG_ENABLE_MODULES = YES;
				CLANG_ENABLE_OBJC_ARC = YES;
				CLANG_ENABLE_OBJC_WEAK = YES;
				CLANG_WARN_BLOCK_CAPTURE_AUTORELEASING = YES;
				CLANG_WARN_BOOL_CONVERSION = YES;
				CLANG_WARN_COMMA = YES;
				CLANG_WARN_CONSTANT_CONVERSION = YES;
				CLANG_WARN_DEPRECATED_OBJC_IMPLEMENTATIONS = YES;
				CLANG_WARN_DIRECT_OBJC_ISA_USAGE = YES_ERROR;
				CLANG_WARN_DOCUMENTATION_COMMENTS = YES;
				CLANG_WARN_EMPTY_BODY = YES;
				CLANG_WARN_ENUM_CONVERSION = YES;
				CLANG_WARN_INFINITE_RECURSION = YES;
				CLANG_WARN_INT_CONVERSION = YES;
				CLANG_WARN_NON_LITERAL_NULL_CONVERSION = YES;
				CLANG_WARN_OBJC_IMPLICIT_RETAIN_SELF = YES;
				CLANG_WARN_OBJC_LITERAL_CONVERSION = YES;
				CLANG_WARN_OBJC_ROOT_CLASS = YES_ERROR;
				CLANG_WARN_QUOTED_INCLUDE_IN_FRAMEWORK_HEADER = YES;
				CLANG_WARN_RANGE_LOOP_ANALYSIS = YES;
				CLANG_WARN_STRICT_PROTOTYPES = YES;
				CLANG_WARN_SUSPICIOUS_MOVE = YES;
				CLANG_WARN_UNGUARDED_AVAILABILITY = YES_AGGRESSIVE;
				CLANG_WARN_UNREACHABLE_CODE = YES;
				CLANG_WARN__DUPLICATE_METHOD_MATCH = YES;
				COPY_PHASE_STRIP = NO;
				DEBUG_INFORMATION_FORMAT = "dwarf-with-dsym";
				ENABLE_NS_ASSERTIONS = NO;
				ENABLE_STRICT_OBJC_MSGSEND = YES;
				GCC_C_LANGUAGE_STANDARD = gnu11;
				GCC_NO_COMMON_BLOCKS = YES;
				GCC_WARN_64_TO_32_BIT_CONVERSION = YES;
				GCC_WARN_ABOUT_RETURN_TYPE = YES_ERROR;
				GCC_WARN_UNDECLARED_SELECTOR = YES;
				GCC_WARN_UNINITIALIZED_AUTOS = YES_AGGRESSIVE;
				GCC_WARN_UNUSED_FUNCTION = YES;
				GCC_WARN_UNUSED_VARIABLE = YES;
				IPHONEOS_DEPLOYMENT_TARGET = 16.0;
				MTL_ENABLE_DEBUG_INFO = NO;
				MTL_FAST_MATH = YES;
				SDKROOT = iphoneos;
				SWIFT_COMPILATION_MODE = wholemodule;
				SWIFT_OPTIMIZATION_LEVEL = "-O";
				VALIDATE_PRODUCT = YES;
			};
			name = Release;
		};
		023BF447297795300072138B /* Debug */ = {
			isa = XCBuildConfiguration;
			buildSettings = {
				ASSETCATALOG_COMPILER_APPICON_NAME = AppIcon;
				ASSETCATALOG_COMPILER_GLOBAL_ACCENT_COLOR_NAME = AccentColor;
				CODE_SIGN_STYLE = Automatic;
				CURRENT_PROJECT_VERSION = 1;
				DEVELOPMENT_ASSET_PATHS = "\"iCalculApp/Preview Content\"";
				DEVELOPMENT_TEAM = VV28P583TZ;
				ENABLE_PREVIEWS = YES;
				GENERATE_INFOPLIST_FILE = YES;
				INFOPLIST_KEY_UIApplicationSceneManifest_Generation = YES;
				INFOPLIST_KEY_UIApplicationSupportsIndirectInputEvents = YES;
				INFOPLIST_KEY_UILaunchScreen_Generation = YES;
				INFOPLIST_KEY_UISupportedInterfaceOrientations = "UIInterfaceOrientationLandscapeLeft UIInterfaceOrientationLandscapeRight UIInterfaceOrientationPortrait UIInterfaceOrientationPortraitUpsideDown";
				LD_RUNPATH_SEARCH_PATHS = (
					"$(inherited)",
					"@executable_path/Frameworks",
				);
				MARKETING_VERSION = 1.0;
				PRODUCT_BUNDLE_IDENTIFIER = com.shamarcus.walker.iCalculApp;
				PRODUCT_NAME = "$(TARGET_NAME)";
				SWIFT_EMIT_LOC_STRINGS = YES;
				SWIFT_VERSION = 5.0;
				TARGETED_DEVICE_FAMILY = "1,2";
			};
			name = Debug;
		};
		023BF448297795300072138B /* Release */ = {
			isa = XCBuildConfiguration;
			buildSettings = {
				ASSETCATALOG_COMPILER_APPICON_NAME = AppIcon;
				ASSETCATALOG_COMPILER_GLOBAL_ACCENT_COLOR_NAME = AccentColor;
				CODE_SIGN_STYLE = Automatic;
				CURRENT_PROJECT_VERSION = 1;
				DEVELOPMENT_ASSET_PATHS = "\"iCalculApp/Preview Content\"";
				DEVELOPMENT_TEAM = VV28P583TZ;
				ENABLE_PREVIEWS = YES;
				GENERATE_INFOPLIST_FILE = YES;
				INFOPLIST_KEY_UIApplicationSceneManifest_Generation = YES;
				INFOPLIST_KEY_UIApplicationSupportsIndirectInputEvents = YES;
				INFOPLIST_KEY_UILaunchScreen_Generation = YES;
				INFOPLIST_KEY_UISupportedInterfaceOrientations = "UIInterfaceOrientationLandscapeLeft UIInterfaceOrientationLandscapeRight UIInterfaceOrientationPortrait UIInterfaceOrientationPortraitUpsideDown";
				LD_RUNPATH_SEARCH_PATHS = (
					"$(inherited)",
					"@executable_path/Frameworks",
				);
				MARKETING_VERSION = 1.0;
				PRODUCT_BUNDLE_IDENTIFIER = com.shamarcus.walker.iCalculApp;
				PRODUCT_NAME = "$(TARGET_NAME)";
				SWIFT_EMIT_LOC_STRINGS = YES;
				SWIFT_VERSION = 5.0;
				TARGETED_DEVICE_FAMILY = "1,2";
			};
			name = Release;
		};
/* End XCBuildConfiguration section */

/* Begin XCConfigurationList section */
		023BF4332977952D0072138B /* Build configuration list for PBXProject "iCalculApp" */ = {
			isa = XCConfigurationList;
			buildConfigurations = (
				023BF444297795300072138B /* Debug */,
				023BF445297795300072138B /* Release */,
			);
			defaultConfigurationIsVisible = 0;
			defaultConfigurationName = Release;
		};
		023BF446297795300072138B /* Build configuration list for PBXNativeTarget "iCalculApp" */ = {
			isa = XCConfigurationList;
			buildConfigurations = (
				023BF447297795300072138B /* Debug */,
				023BF448297795300072138B /* Release */,
			);
			defaultConfigurationIsVisible = 0;
			defaultConfigurationName = Release;
		};
/* End XCConfigurationList section */
	};
	rootObject = 023BF4302977952D0072138B /* Project object */;
}
